
Microsoft Visual Studio Solution File, Format Version 12.00
# Visual Studio Version 17
VisualStudioVersion = 17.4.33213.308
MinimumVisualStudioVersion = 10.0.40219.1
Project("{FAE04EC0-301F-11D3-BF4B-00C04F79EFBC}") = "Deliverable_4", "Deliverable_4\Deliverable_4.csproj", "{3D317331-EFC1-458D-AE15-228578A85C64}"
EndProject
Global
	GlobalSection(SolutionConfigurationPlatforms) = preSolution
		Debug|Any CPU = Debug|Any CPU
		Release|Any CPU = Release|Any CPU
	EndGlobalSection
	GlobalSection(ProjectConfigurationPlatforms) = postSolution
		{3D317331-EFC1-458D-AE15-228578A85C64}.Debug|Any CPU.ActiveCfg = Debug|Any CPU
		{3D317331-EFC1-458D-AE15-228578A85C64}.Debug|Any CPU.Build.0 = Debug|Any CPU
		{3D317331-EFC1-458D-AE15-228578A85C64}.Release|Any CPU.ActiveCfg = Release|Any CPU
		{3D317331-EFC1-458D-AE15-228578A85C64}.Release|Any CPU.Build.0 = Release|Any CPU
	EndGlobalSection
	GlobalSection(SolutionProperties) = preSolution
		HideSolutionNode = FALSE
	EndGlobalSection
	GlobalSection(ExtensibilityGlobals) = postSolution
		SolutionGuid = {9CCC4351-75D8-4FEA-91F3-2DEAE078CE9E}
	EndGlobalSection
EndGlobal
